// !$*UTF8*$!
{
	archiveVersion = 1;
	classes = {
	};
	objectVersion = 46;
	objects = {

/* Begin PBXBuildFile section */
		382961BF16757CBF00CC5512 /* CommsLights.xib in Resources */ = {isa = PBXBuildFile; fileRef = 382961BE16757CBF00CC5512 /* CommsLights.xib */; };
		382961C6167589AE00CC5512 /* logo_to_print.png in Resources */ = {isa = PBXBuildFile; fileRef = 382961C4167589AE00CC5512 /* logo_to_print.png */; };
		382961D2167596A700CC5512 /* icon.png in Resources */ = {isa = PBXBuildFile; fileRef = 382961D0167596A600CC5512 /* icon.png */; };
		382961D3167596A700CC5512 /* icon@2x.png in Resources */ = {isa = PBXBuildFile; fileRef = 382961D1167596A600CC5512 /* icon@2x.png */; };
		3840C16B1666EE290088AD4A /* NBLocation.m in Sources */ = {isa = PBXBuildFile; fileRef = 3840C16A1666EE290088AD4A /* NBLocation.m */; };
		38438A6B166871AA00B7991A /* NBDeviceSettingsTableViewCell.xib in Resources */ = {isa = PBXBuildFile; fileRef = 38438A6A166871AA00B7991A /* NBDeviceSettingsTableViewCell.xib */; };
		38438A6E1668723F00B7991A /* NBDeviceSettingsTableViewCell.m in Sources */ = {isa = PBXBuildFile; fileRef = 38438A6D1668723F00B7991A /* NBDeviceSettingsTableViewCell.m */; };
		384CD4DB1676CF3C00A2A041 /* NBSettingsViewController.m in Sources */ = {isa = PBXBuildFile; fileRef = 384CD4DA1676CF3C00A2A041 /* NBSettingsViewController.m */; };
		384CD5231676D39F00A2A041 /* NBSettingsViewController.xib in Resources */ = {isa = PBXBuildFile; fileRef = 384CD5221676D39E00A2A041 /* NBSettingsViewController.xib */; };
		384CD5251677EABB00A2A041 /* deviceSettingsTab.png in Resources */ = {isa = PBXBuildFile; fileRef = 384CD5241677EABB00A2A041 /* deviceSettingsTab.png */; };
		384CD52B1677EC9400A2A041 /* settingsTab.png in Resources */ = {isa = PBXBuildFile; fileRef = 384CD52A1677EC9400A2A041 /* settingsTab.png */; };
		38A58A1816780A8200044F0F /* CommsLightMask.png in Resources */ = {isa = PBXBuildFile; fileRef = 38A58A1716780A8200044F0F /* CommsLightMask.png */; };
		38A58A1C16782BB500044F0F /* NBVirtualHWInterface.m in Sources */ = {isa = PBXBuildFile; fileRef = 38A58A1B16782BB500044F0F /* NBVirtualHWInterface.m */; };
		38B0C3B9167006A4005CB957 /* NBSettings.m in Sources */ = {isa = PBXBuildFile; fileRef = 38B0C3B8167006A4005CB957 /* NBSettings.m */; };
		38B7748C1664430F0004F620 /* UIKit.framework in Frameworks */ = {isa = PBXBuildFile; fileRef = 38B7748B1664430F0004F620 /* UIKit.framework */; };
		38B7748E1664430F0004F620 /* Foundation.framework in Frameworks */ = {isa = PBXBuildFile; fileRef = 38B7748D1664430F0004F620 /* Foundation.framework */; };
		38B774901664430F0004F620 /* CoreGraphics.framework in Frameworks */ = {isa = PBXBuildFile; fileRef = 38B7748F1664430F0004F620 /* CoreGraphics.framework */; };
		38B774961664430F0004F620 /* InfoPlist.strings in Resources */ = {isa = PBXBuildFile; fileRef = 38B774941664430F0004F620 /* InfoPlist.strings */; };
		38B774981664430F0004F620 /* main.m in Sources */ = {isa = PBXBuildFile; fileRef = 38B774971664430F0004F620 /* main.m */; };
		38B7749C1664430F0004F620 /* NBAppDelegate.m in Sources */ = {isa = PBXBuildFile; fileRef = 38B7749B1664430F0004F620 /* NBAppDelegate.m */; };
		38B7749E1664430F0004F620 /* Default.png in Resources */ = {isa = PBXBuildFile; fileRef = 38B7749D1664430F0004F620 /* Default.png */; };
		38B774A01664430F0004F620 /* Default@2x.png in Resources */ = {isa = PBXBuildFile; fileRef = 38B7749F1664430F0004F620 /* Default@2x.png */; };
		38B774A21664430F0004F620 /* Default-568h@2x.png in Resources */ = {isa = PBXBuildFile; fileRef = 38B774A11664430F0004F620 /* Default-568h@2x.png */; };
		38B774A51664430F0004F620 /* NBViewController.m in Sources */ = {isa = PBXBuildFile; fileRef = 38B774A41664430F0004F620 /* NBViewController.m */; };
		38B774A81664430F0004F620 /* NBViewController_iPhone.xib in Resources */ = {isa = PBXBuildFile; fileRef = 38B774A61664430F0004F620 /* NBViewController_iPhone.xib */; };
		38B774AB1664430F0004F620 /* NBViewController_iPad.xib in Resources */ = {isa = PBXBuildFile; fileRef = 38B774A91664430F0004F620 /* NBViewController_iPad.xib */; };
		38B774B21664444A0004F620 /* CoreMotion.framework in Frameworks */ = {isa = PBXBuildFile; fileRef = 38B774B11664444A0004F620 /* CoreMotion.framework */; };
		38B774B4166444580004F620 /* ImageIO.framework in Frameworks */ = {isa = PBXBuildFile; fileRef = 38B774B3166444580004F620 /* ImageIO.framework */; };
		38B774B61664445F0004F620 /* AVFoundation.framework in Frameworks */ = {isa = PBXBuildFile; fileRef = 38B774B51664445E0004F620 /* AVFoundation.framework */; };
		38B774B9166444710004F620 /* CoreMedia.framework in Frameworks */ = {isa = PBXBuildFile; fileRef = 38B774B7166444710004F620 /* CoreMedia.framework */; };
		38B774BA166444710004F620 /* CoreVideo.framework in Frameworks */ = {isa = PBXBuildFile; fileRef = 38B774B8166444710004F620 /* CoreVideo.framework */; };
		38B774F3166445440004F620 /* NBAccelerometerInterface.m in Sources */ = {isa = PBXBuildFile; fileRef = 38B774C3166445440004F620 /* NBAccelerometerInterface.m */; };
		38B774F4166445440004F620 /* NBCameraInterface.m in Sources */ = {isa = PBXBuildFile; fileRef = 38B774C5166445440004F620 /* NBCameraInterface.m */; };
		38B774F6166445440004F620 /* NBDeviceHWInterface.m in Sources */ = {isa = PBXBuildFile; fileRef = 38B774C9166445440004F620 /* NBDeviceHWInterface.m */; };
		38B774F7166445440004F620 /* NBCommand.m in Sources */ = {isa = PBXBuildFile; fileRef = 38B774CE166445440004F620 /* NBCommand.m */; };
		38B774F8166445440004F620 /* NBDeviceManager.m in Sources */ = {isa = PBXBuildFile; fileRef = 38B774D0166445440004F620 /* NBDeviceManager.m */; };
		38B774F9166445440004F620 /* NBAccelerometerState.m in Sources */ = {isa = PBXBuildFile; fileRef = 38B774D2166445440004F620 /* NBAccelerometerState.m */; };
		38B774FA166445440004F620 /* NBCamera.m in Sources */ = {isa = PBXBuildFile; fileRef = 38B774D4166445440004F620 /* NBCamera.m */; };
		38B774FB166445440004F620 /* NBDevice.m in Sources */ = {isa = PBXBuildFile; fileRef = 38B774D6166445440004F620 /* NBDevice.m */; };
		38B774FC166445440004F620 /* NBOrientation.m in Sources */ = {isa = PBXBuildFile; fileRef = 38B774D9166445440004F620 /* NBOrientation.m */; };
		38B774FD166445440004F620 /* NBPushButton.m in Sources */ = {isa = PBXBuildFile; fileRef = 38B774DB166445440004F620 /* NBPushButton.m */; };
		38B774FE166445440004F620 /* NBNetworkInitialiser.m in Sources */ = {isa = PBXBuildFile; fileRef = 38B774E0166445440004F620 /* NBNetworkInitialiser.m */; };
		38B774FF166445440004F620 /* InitialisationViewController.m in Sources */ = {isa = PBXBuildFile; fileRef = 38B774E3166445440004F620 /* InitialisationViewController.m */; };
		38B77500166445440004F620 /* InitialisationViewController.xib in Resources */ = {isa = PBXBuildFile; fileRef = 38B774E4166445440004F620 /* InitialisationViewController.xib */; };
		38B77501166445440004F620 /* NBNinjaBlock.m in Sources */ = {isa = PBXBuildFile; fileRef = 38B774E6166445440004F620 /* NBNinjaBlock.m */; };
		38B77502166445440004F620 /* NBAuth.m in Sources */ = {isa = PBXBuildFile; fileRef = 38B774E9166445440004F620 /* NBAuth.m */; };
		38B77503166445440004F620 /* NBConnectionData.m in Sources */ = {isa = PBXBuildFile; fileRef = 38B774EB166445440004F620 /* NBConnectionData.m */; };
		38B77504166445440004F620 /* NBNetworkCommandHandler.m in Sources */ = {isa = PBXBuildFile; fileRef = 38B774ED166445440004F620 /* NBNetworkCommandHandler.m */; };
		38B77505166445440004F620 /* NBNetworkHandler.m in Sources */ = {isa = PBXBuildFile; fileRef = 38B774EF166445440004F620 /* NBNetworkHandler.m */; };
		38B77506166445440004F620 /* NetworkHelperFunctions.m in Sources */ = {isa = PBXBuildFile; fileRef = 38B774F2166445440004F620 /* NetworkHelperFunctions.m */; };
		38B775121664552D0004F620 /* NBLocationInterface.m in Sources */ = {isa = PBXBuildFile; fileRef = 38B775111664552D0004F620 /* NBLocationInterface.m */; };
		38B7751516645A270004F620 /* NBMotionInterface.m in Sources */ = {isa = PBXBuildFile; fileRef = 38B7751416645A260004F620 /* NBMotionInterface.m */; };
		38B775171664684E0004F620 /* CoreLocation.framework in Frameworks */ = {isa = PBXBuildFile; fileRef = 38B775161664684E0004F620 /* CoreLocation.framework */; };
		38B7751A16646F420004F620 /* NBHeading.m in Sources */ = {isa = PBXBuildFile; fileRef = 38B7751916646F420004F620 /* NBHeading.m */; };
		38B7751E1664728E0004F620 /* NBPollingSensor.m in Sources */ = {isa = PBXBuildFile; fileRef = 38B7751D1664728B0004F620 /* NBPollingSensor.m */; };
		38B775241665BA140004F620 /* NBLEDDevice.m in Sources */ = {isa = PBXBuildFile; fileRef = 38B775231665BA100004F620 /* NBLEDDevice.m */; };
		38D16DEE16682EAE000BD7D8 /* NBDeviceSettingsViewController.m in Sources */ = {isa = PBXBuildFile; fileRef = 38D16DEC16682EAE000BD7D8 /* NBDeviceSettingsViewController.m */; };
		38D16DEF16682EAE000BD7D8 /* NBDeviceSettingsViewController.xib in Resources */ = {isa = PBXBuildFile; fileRef = 38D16DED16682EAE000BD7D8 /* NBDeviceSettingsViewController.xib */; };
		38F6D21816717BC700EB00BE /* NBGestureDevice.m in Sources */ = {isa = PBXBuildFile; fileRef = 38F6D21716717BC700EB00BE /* NBGestureDevice.m */; };
		38F6D21C167196A900EB00BE /* NBGestureInterface.m in Sources */ = {isa = PBXBuildFile; fileRef = 38F6D21B167196A900EB00BE /* NBGestureInterface.m */; };
/* End PBXBuildFile section */

/* Begin PBXFileReference section */
		382961BE16757CBF00CC5512 /* CommsLights.xib */ = {isa = PBXFileReference; fileEncoding = 4; lastKnownFileType = file.xib; path = CommsLights.xib; sourceTree = "<group>"; };
		382961C4167589AE00CC5512 /* logo_to_print.png */ = {isa = PBXFileReference; lastKnownFileType = image.png; name = logo_to_print.png; path = assets/logo_to_print.png; sourceTree = "<group>"; };
		382961D0167596A600CC5512 /* icon.png */ = {isa = PBXFileReference; lastKnownFileType = image.png; name = icon.png; path = assets/icon.png; sourceTree = "<group>"; };
		382961D1167596A600CC5512 /* icon@2x.png */ = {isa = PBXFileReference; lastKnownFileType = image.png; name = "icon@2x.png"; path = "assets/icon@2x.png"; sourceTree = "<group>"; };
		3840C1691666EE290088AD4A /* NBLocation.h */ = {isa = PBXFileReference; fileEncoding = 4; lastKnownFileType = sourcecode.c.h; path = NBLocation.h; sourceTree = "<group>"; };
		3840C16A1666EE290088AD4A /* NBLocation.m */ = {isa = PBXFileReference; fileEncoding = 4; lastKnownFileType = sourcecode.c.objc; path = NBLocation.m; sourceTree = "<group>"; };
		38438A6A166871AA00B7991A /* NBDeviceSettingsTableViewCell.xib */ = {isa = PBXFileReference; fileEncoding = 4; lastKnownFileType = file.xib; name = NBDeviceSettingsTableViewCell.xib; path = Settings/NBDeviceSettingsTableViewCell.xib; sourceTree = "<group>"; };
		38438A6C1668723F00B7991A /* NBDeviceSettingsTableViewCell.h */ = {isa = PBXFileReference; fileEncoding = 4; lastKnownFileType = sourcecode.c.h; name = NBDeviceSettingsTableViewCell.h; path = Settings/NBDeviceSettingsTableViewCell.h; sourceTree = "<group>"; };
		38438A6D1668723F00B7991A /* NBDeviceSettingsTableViewCell.m */ = {isa = PBXFileReference; fileEncoding = 4; lastKnownFileType = sourcecode.c.objc; name = NBDeviceSettingsTableViewCell.m; path = Settings/NBDeviceSettingsTableViewCell.m; sourceTree = "<group>"; };
		384CD4D91676CF3B00A2A041 /* NBSettingsViewController.h */ = {isa = PBXFileReference; fileEncoding = 4; lastKnownFileType = sourcecode.c.h; name = NBSettingsViewController.h; path = Settings/NBSettingsViewController.h; sourceTree = "<group>"; };
		384CD4DA1676CF3C00A2A041 /* NBSettingsViewController.m */ = {isa = PBXFileReference; fileEncoding = 4; lastKnownFileType = sourcecode.c.objc; name = NBSettingsViewController.m; path = Settings/NBSettingsViewController.m; sourceTree = "<group>"; };
		384CD5221676D39E00A2A041 /* NBSettingsViewController.xib */ = {isa = PBXFileReference; fileEncoding = 4; lastKnownFileType = file.xib; name = NBSettingsViewController.xib; path = Settings/NBSettingsViewController.xib; sourceTree = "<group>"; };
		384CD5241677EABB00A2A041 /* deviceSettingsTab.png */ = {isa = PBXFileReference; lastKnownFileType = image.png; name = deviceSettingsTab.png; path = assets/deviceSettingsTab.png; sourceTree = "<group>"; };
		384CD52A1677EC9400A2A041 /* settingsTab.png */ = {isa = PBXFileReference; lastKnownFileType = image.png; name = settingsTab.png; path = assets/settingsTab.png; sourceTree = "<group>"; };
		38A58A1716780A8200044F0F /* CommsLightMask.png */ = {isa = PBXFileReference; lastKnownFileType = image.png; name = CommsLightMask.png; path = assets/CommsLightMask.png; sourceTree = "<group>"; };
		38A58A1A16782BB500044F0F /* NBVirtualHWInterface.h */ = {isa = PBXFileReference; fileEncoding = 4; lastKnownFileType = sourcecode.c.h; name = NBVirtualHWInterface.h; path = HighLevel/NBVirtualHWInterface.h; sourceTree = "<group>"; };
		38A58A1B16782BB500044F0F /* NBVirtualHWInterface.m */ = {isa = PBXFileReference; fileEncoding = 4; lastKnownFileType = sourcecode.c.objc; name = NBVirtualHWInterface.m; path = HighLevel/NBVirtualHWInterface.m; sourceTree = "<group>"; };
		38B0C3B7167006A4005CB957 /* NBSettings.h */ = {isa = PBXFileReference; fileEncoding = 4; lastKnownFileType = sourcecode.c.h; name = NBSettings.h; path = Settings/NBSettings.h; sourceTree = "<group>"; };
		38B0C3B8167006A4005CB957 /* NBSettings.m */ = {isa = PBXFileReference; fileEncoding = 4; lastKnownFileType = sourcecode.c.objc; name = NBSettings.m; path = Settings/NBSettings.m; sourceTree = "<group>"; };
		38B774871664430F0004F620 /* NBUseApp.app */ = {isa = PBXFileReference; explicitFileType = wrapper.application; includeInIndex = 0; path = NBUseApp.app; sourceTree = BUILT_PRODUCTS_DIR; };
		38B7748B1664430F0004F620 /* UIKit.framework */ = {isa = PBXFileReference; lastKnownFileType = wrapper.framework; name = UIKit.framework; path = System/Library/Frameworks/UIKit.framework; sourceTree = SDKROOT; };
		38B7748D1664430F0004F620 /* Foundation.framework */ = {isa = PBXFileReference; lastKnownFileType = wrapper.framework; name = Foundation.framework; path = System/Library/Frameworks/Foundation.framework; sourceTree = SDKROOT; };
		38B7748F1664430F0004F620 /* CoreGraphics.framework */ = {isa = PBXFileReference; lastKnownFileType = wrapper.framework; name = CoreGraphics.framework; path = System/Library/Frameworks/CoreGraphics.framework; sourceTree = SDKROOT; };
		38B774931664430F0004F620 /* NBUseApp-Info.plist */ = {isa = PBXFileReference; lastKnownFileType = text.plist.xml; path = "NBUseApp-Info.plist"; sourceTree = "<group>"; };
		38B774951664430F0004F620 /* en */ = {isa = PBXFileReference; lastKnownFileType = text.plist.strings; name = en; path = en.lproj/InfoPlist.strings; sourceTree = "<group>"; };
		38B774971664430F0004F620 /* main.m */ = {isa = PBXFileReference; lastKnownFileType = sourcecode.c.objc; path = main.m; sourceTree = "<group>"; };
		38B774991664430F0004F620 /* NBUseApp-Prefix.pch */ = {isa = PBXFileReference; lastKnownFileType = sourcecode.c.h; path = "NBUseApp-Prefix.pch"; sourceTree = "<group>"; };
		38B7749A1664430F0004F620 /* NBAppDelegate.h */ = {isa = PBXFileReference; lastKnownFileType = sourcecode.c.h; path = NBAppDelegate.h; sourceTree = "<group>"; };
		38B7749B1664430F0004F620 /* NBAppDelegate.m */ = {isa = PBXFileReference; lastKnownFileType = sourcecode.c.objc; path = NBAppDelegate.m; sourceTree = "<group>"; };
		38B7749D1664430F0004F620 /* Default.png */ = {isa = PBXFileReference; lastKnownFileType = image.png; path = Default.png; sourceTree = "<group>"; };
		38B7749F1664430F0004F620 /* Default@2x.png */ = {isa = PBXFileReference; lastKnownFileType = image.png; path = "Default@2x.png"; sourceTree = "<group>"; };
		38B774A11664430F0004F620 /* Default-568h@2x.png */ = {isa = PBXFileReference; lastKnownFileType = image.png; path = "Default-568h@2x.png"; sourceTree = "<group>"; };
		38B774A31664430F0004F620 /* NBViewController.h */ = {isa = PBXFileReference; lastKnownFileType = sourcecode.c.h; path = NBViewController.h; sourceTree = "<group>"; };
		38B774A41664430F0004F620 /* NBViewController.m */ = {isa = PBXFileReference; lastKnownFileType = sourcecode.c.objc; path = NBViewController.m; sourceTree = "<group>"; };
		38B774A71664430F0004F620 /* en */ = {isa = PBXFileReference; lastKnownFileType = file.xib; name = en; path = en.lproj/NBViewController_iPhone.xib; sourceTree = "<group>"; };
		38B774AA1664430F0004F620 /* en */ = {isa = PBXFileReference; lastKnownFileType = file.xib; name = en; path = en.lproj/NBViewController_iPad.xib; sourceTree = "<group>"; };
		38B774B11664444A0004F620 /* CoreMotion.framework */ = {isa = PBXFileReference; lastKnownFileType = wrapper.framework; name = CoreMotion.framework; path = System/Library/Frameworks/CoreMotion.framework; sourceTree = SDKROOT; };
		38B774B3166444580004F620 /* ImageIO.framework */ = {isa = PBXFileReference; lastKnownFileType = wrapper.framework; name = ImageIO.framework; path = System/Library/Frameworks/ImageIO.framework; sourceTree = SDKROOT; };
		38B774B51664445E0004F620 /* AVFoundation.framework */ = {isa = PBXFileReference; lastKnownFileType = wrapper.framework; name = AVFoundation.framework; path = System/Library/Frameworks/AVFoundation.framework; sourceTree = SDKROOT; };
		38B774B7166444710004F620 /* CoreMedia.framework */ = {isa = PBXFileReference; lastKnownFileType = wrapper.framework; name = CoreMedia.framework; path = System/Library/Frameworks/CoreMedia.framework; sourceTree = SDKROOT; };
		38B774B8166444710004F620 /* CoreVideo.framework */ = {isa = PBXFileReference; lastKnownFileType = wrapper.framework; name = CoreVideo.framework; path = System/Library/Frameworks/CoreVideo.framework; sourceTree = SDKROOT; };
		38B774C2166445440004F620 /* NBAccelerometerInterface.h */ = {isa = PBXFileReference; fileEncoding = 4; lastKnownFileType = sourcecode.c.h; path = NBAccelerometerInterface.h; sourceTree = "<group>"; };
		38B774C3166445440004F620 /* NBAccelerometerInterface.m */ = {isa = PBXFileReference; fileEncoding = 4; lastKnownFileType = sourcecode.c.objc; lineEnding = 0; path = NBAccelerometerInterface.m; sourceTree = "<group>"; xcLanguageSpecificationIdentifier = xcode.lang.objc; };
		38B774C4166445440004F620 /* NBCameraInterface.h */ = {isa = PBXFileReference; fileEncoding = 4; lastKnownFileType = sourcecode.c.h; path = NBCameraInterface.h; sourceTree = "<group>"; };
		38B774C5166445440004F620 /* NBCameraInterface.m */ = {isa = PBXFileReference; fileEncoding = 4; lastKnownFileType = sourcecode.c.objc; lineEnding = 0; path = NBCameraInterface.m; sourceTree = "<group>"; xcLanguageSpecificationIdentifier = xcode.lang.objc; };
		38B774C8166445440004F620 /* NBDeviceHWInterface.h */ = {isa = PBXFileReference; fileEncoding = 4; lastKnownFileType = sourcecode.c.h; path = NBDeviceHWInterface.h; sourceTree = "<group>"; };
		38B774C9166445440004F620 /* NBDeviceHWInterface.m */ = {isa = PBXFileReference; fileEncoding = 4; lastKnownFileType = sourcecode.c.objc; path = NBDeviceHWInterface.m; sourceTree = "<group>"; };
		38B774CA166445440004F620 /* NBDeviceHWInterfaceSubclass.h */ = {isa = PBXFileReference; fileEncoding = 4; lastKnownFileType = sourcecode.c.h; path = NBDeviceHWInterfaceSubclass.h; sourceTree = "<group>"; };
		38B774CD166445440004F620 /* NBCommand.h */ = {isa = PBXFileReference; fileEncoding = 4; lastKnownFileType = sourcecode.c.h; path = NBCommand.h; sourceTree = "<group>"; };
		38B774CE166445440004F620 /* NBCommand.m */ = {isa = PBXFileReference; fileEncoding = 4; lastKnownFileType = sourcecode.c.objc; path = NBCommand.m; sourceTree = "<group>"; };
		38B774CF166445440004F620 /* NBDeviceManager.h */ = {isa = PBXFileReference; fileEncoding = 4; lastKnownFileType = sourcecode.c.h; path = NBDeviceManager.h; sourceTree = "<group>"; };
		38B774D0166445440004F620 /* NBDeviceManager.m */ = {isa = PBXFileReference; fileEncoding = 4; lastKnownFileType = sourcecode.c.objc; lineEnding = 0; path = NBDeviceManager.m; sourceTree = "<group>"; xcLanguageSpecificationIdentifier = xcode.lang.objc; };
		38B774D1166445440004F620 /* NBAccelerometerState.h */ = {isa = PBXFileReference; fileEncoding = 4; lastKnownFileType = sourcecode.c.h; path = NBAccelerometerState.h; sourceTree = "<group>"; };
		38B774D2166445440004F620 /* NBAccelerometerState.m */ = {isa = PBXFileReference; fileEncoding = 4; lastKnownFileType = sourcecode.c.objc; path = NBAccelerometerState.m; sourceTree = "<group>"; };
		38B774D3166445440004F620 /* NBCamera.h */ = {isa = PBXFileReference; fileEncoding = 4; lastKnownFileType = sourcecode.c.h; path = NBCamera.h; sourceTree = "<group>"; };
		38B774D4166445440004F620 /* NBCamera.m */ = {isa = PBXFileReference; fileEncoding = 4; lastKnownFileType = sourcecode.c.objc; path = NBCamera.m; sourceTree = "<group>"; };
		38B774D5166445440004F620 /* NBDevice.h */ = {isa = PBXFileReference; fileEncoding = 4; lastKnownFileType = sourcecode.c.h; path = NBDevice.h; sourceTree = "<group>"; };
		38B774D6166445440004F620 /* NBDevice.m */ = {isa = PBXFileReference; fileEncoding = 4; lastKnownFileType = sourcecode.c.objc; lineEnding = 0; path = NBDevice.m; sourceTree = "<group>"; xcLanguageSpecificationIdentifier = xcode.lang.objc; };
		38B774D7166445440004F620 /* NBDeviceIds.h */ = {isa = PBXFileReference; fileEncoding = 4; lastKnownFileType = sourcecode.c.h; path = NBDeviceIds.h; sourceTree = "<group>"; };
		38B774D8166445440004F620 /* NBOrientation.h */ = {isa = PBXFileReference; fileEncoding = 4; lastKnownFileType = sourcecode.c.h; path = NBOrientation.h; sourceTree = "<group>"; };
		38B774D9166445440004F620 /* NBOrientation.m */ = {isa = PBXFileReference; fileEncoding = 4; lastKnownFileType = sourcecode.c.objc; path = NBOrientation.m; sourceTree = "<group>"; };
		38B774DA166445440004F620 /* NBPushButton.h */ = {isa = PBXFileReference; fileEncoding = 4; lastKnownFileType = sourcecode.c.h; path = NBPushButton.h; sourceTree = "<group>"; };
		38B774DB166445440004F620 /* NBPushButton.m */ = {isa = PBXFileReference; fileEncoding = 4; lastKnownFileType = sourcecode.c.objc; path = NBPushButton.m; sourceTree = "<group>"; };
		38B774DD166445440004F620 /* ConnectionConstants.h */ = {isa = PBXFileReference; fileEncoding = 4; lastKnownFileType = sourcecode.c.h; path = ConnectionConstants.h; sourceTree = "<group>"; };
		38B774DF166445440004F620 /* NBNetworkInitialiser.h */ = {isa = PBXFileReference; fileEncoding = 4; lastKnownFileType = sourcecode.c.h; path = NBNetworkInitialiser.h; sourceTree = "<group>"; };
		38B774E0166445440004F620 /* NBNetworkInitialiser.m */ = {isa = PBXFileReference; fileEncoding = 4; lastKnownFileType = sourcecode.c.objc; path = NBNetworkInitialiser.m; sourceTree = "<group>"; };
		38B774E2166445440004F620 /* InitialisationViewController.h */ = {isa = PBXFileReference; fileEncoding = 4; lastKnownFileType = sourcecode.c.h; path = InitialisationViewController.h; sourceTree = "<group>"; };
		38B774E3166445440004F620 /* InitialisationViewController.m */ = {isa = PBXFileReference; fileEncoding = 4; lastKnownFileType = sourcecode.c.objc; path = InitialisationViewController.m; sourceTree = "<group>"; };
		38B774E4166445440004F620 /* InitialisationViewController.xib */ = {isa = PBXFileReference; fileEncoding = 4; lastKnownFileType = file.xib; path = InitialisationViewController.xib; sourceTree = "<group>"; };
		38B774E5166445440004F620 /* NBNinjaBlock.h */ = {isa = PBXFileReference; fileEncoding = 4; lastKnownFileType = sourcecode.c.h; path = NBNinjaBlock.h; sourceTree = "<group>"; };
		38B774E6166445440004F620 /* NBNinjaBlock.m */ = {isa = PBXFileReference; fileEncoding = 4; lastKnownFileType = sourcecode.c.objc; path = NBNinjaBlock.m; sourceTree = "<group>"; };
		38B774E8166445440004F620 /* NBAuth.h */ = {isa = PBXFileReference; fileEncoding = 4; lastKnownFileType = sourcecode.c.h; path = NBAuth.h; sourceTree = "<group>"; };
		38B774E9166445440004F620 /* NBAuth.m */ = {isa = PBXFileReference; fileEncoding = 4; lastKnownFileType = sourcecode.c.objc; path = NBAuth.m; sourceTree = "<group>"; };
		38B774EA166445440004F620 /* NBConnectionData.h */ = {isa = PBXFileReference; fileEncoding = 4; lastKnownFileType = sourcecode.c.h; path = NBConnectionData.h; sourceTree = "<group>"; };
		38B774EB166445440004F620 /* NBConnectionData.m */ = {isa = PBXFileReference; fileEncoding = 4; lastKnownFileType = sourcecode.c.objc; path = NBConnectionData.m; sourceTree = "<group>"; };
		38B774EC166445440004F620 /* NBNetworkCommandHandler.h */ = {isa = PBXFileReference; fileEncoding = 4; lastKnownFileType = sourcecode.c.h; path = NBNetworkCommandHandler.h; sourceTree = "<group>"; };
		38B774ED166445440004F620 /* NBNetworkCommandHandler.m */ = {isa = PBXFileReference; fileEncoding = 4; lastKnownFileType = sourcecode.c.objc; lineEnding = 0; path = NBNetworkCommandHandler.m; sourceTree = "<group>"; xcLanguageSpecificationIdentifier = xcode.lang.objc; };
		38B774EE166445440004F620 /* NBNetworkHandler.h */ = {isa = PBXFileReference; fileEncoding = 4; lastKnownFileType = sourcecode.c.h; path = NBNetworkHandler.h; sourceTree = "<group>"; };
		38B774EF166445440004F620 /* NBNetworkHandler.m */ = {isa = PBXFileReference; fileEncoding = 4; lastKnownFileType = sourcecode.c.objc; path = NBNetworkHandler.m; sourceTree = "<group>"; };
		38B774F0166445440004F620 /* NetworkConstants.h */ = {isa = PBXFileReference; fileEncoding = 4; lastKnownFileType = sourcecode.c.h; path = NetworkConstants.h; sourceTree = "<group>"; };
		38B774F1166445440004F620 /* NetworkHelperFunctions.h */ = {isa = PBXFileReference; fileEncoding = 4; lastKnownFileType = sourcecode.c.h; path = NetworkHelperFunctions.h; sourceTree = "<group>"; };
		38B774F2166445440004F620 /* NetworkHelperFunctions.m */ = {isa = PBXFileReference; fileEncoding = 4; lastKnownFileType = sourcecode.c.objc; path = NetworkHelperFunctions.m; sourceTree = "<group>"; };
		38B775101664552D0004F620 /* NBLocationInterface.h */ = {isa = PBXFileReference; fileEncoding = 4; lastKnownFileType = sourcecode.c.h; path = NBLocationInterface.h; sourceTree = "<group>"; };
		38B775111664552D0004F620 /* NBLocationInterface.m */ = {isa = PBXFileReference; fileEncoding = 4; lastKnownFileType = sourcecode.c.objc; path = NBLocationInterface.m; sourceTree = "<group>"; };
		38B7751316645A260004F620 /* NBMotionInterface.h */ = {isa = PBXFileReference; fileEncoding = 4; lastKnownFileType = sourcecode.c.h; path = NBMotionInterface.h; sourceTree = "<group>"; };
		38B7751416645A260004F620 /* NBMotionInterface.m */ = {isa = PBXFileReference; fileEncoding = 4; lastKnownFileType = sourcecode.c.objc; path = NBMotionInterface.m; sourceTree = "<group>"; };
		38B775161664684E0004F620 /* CoreLocation.framework */ = {isa = PBXFileReference; lastKnownFileType = wrapper.framework; name = CoreLocation.framework; path = System/Library/Frameworks/CoreLocation.framework; sourceTree = SDKROOT; };
		38B7751816646F410004F620 /* NBHeading.h */ = {isa = PBXFileReference; fileEncoding = 4; lastKnownFileType = sourcecode.c.h; path = NBHeading.h; sourceTree = "<group>"; };
		38B7751916646F420004F620 /* NBHeading.m */ = {isa = PBXFileReference; fileEncoding = 4; lastKnownFileType = sourcecode.c.objc; path = NBHeading.m; sourceTree = "<group>"; };
		38B7751C166472890004F620 /* NBPollingSensor.h */ = {isa = PBXFileReference; fileEncoding = 4; lastKnownFileType = sourcecode.c.h; path = NBPollingSensor.h; sourceTree = "<group>"; };
		38B7751D1664728B0004F620 /* NBPollingSensor.m */ = {isa = PBXFileReference; fileEncoding = 4; lastKnownFileType = sourcecode.c.objc; path = NBPollingSensor.m; sourceTree = "<group>"; };
		38B775211665730F0004F620 /* NBDefinitions.h */ = {isa = PBXFileReference; lastKnownFileType = sourcecode.c.h; lineEnding = 0; path = NBDefinitions.h; sourceTree = "<group>"; xcLanguageSpecificationIdentifier = xcode.lang.objcpp; };
		38B775221665BA0D0004F620 /* NBLEDDevice.h */ = {isa = PBXFileReference; fileEncoding = 4; lastKnownFileType = sourcecode.c.h; path = NBLEDDevice.h; sourceTree = "<group>"; };
		38B775231665BA100004F620 /* NBLEDDevice.m */ = {isa = PBXFileReference; fileEncoding = 4; lastKnownFileType = sourcecode.c.objc; path = NBLEDDevice.m; sourceTree = "<group>"; };
		38D16DEB16682EAE000BD7D8 /* NBDeviceSettingsViewController.h */ = {isa = PBXFileReference; fileEncoding = 4; lastKnownFileType = sourcecode.c.h; name = NBDeviceSettingsViewController.h; path = Settings/NBDeviceSettingsViewController.h; sourceTree = "<group>"; };
		38D16DEC16682EAE000BD7D8 /* NBDeviceSettingsViewController.m */ = {isa = PBXFileReference; fileEncoding = 4; lastKnownFileType = sourcecode.c.objc; name = NBDeviceSettingsViewController.m; path = Settings/NBDeviceSettingsViewController.m; sourceTree = "<group>"; };
		38D16DED16682EAE000BD7D8 /* NBDeviceSettingsViewController.xib */ = {isa = PBXFileReference; fileEncoding = 4; lastKnownFileType = file.xib; name = NBDeviceSettingsViewController.xib; path = Settings/NBDeviceSettingsViewController.xib; sourceTree = "<group>"; };
		38F6D21616717BC600EB00BE /* NBGestureDevice.h */ = {isa = PBXFileReference; fileEncoding = 4; lastKnownFileType = sourcecode.c.h; name = NBGestureDevice.h; path = HighLevel/NBGestureDevice.h; sourceTree = "<group>"; };
		38F6D21716717BC700EB00BE /* NBGestureDevice.m */ = {isa = PBXFileReference; fileEncoding = 4; lastKnownFileType = sourcecode.c.objc; name = NBGestureDevice.m; path = HighLevel/NBGestureDevice.m; sourceTree = "<group>"; };
		38F6D21A167196A900EB00BE /* NBGestureInterface.h */ = {isa = PBXFileReference; fileEncoding = 4; lastKnownFileType = sourcecode.c.h; name = NBGestureInterface.h; path = HighLevel/NBGestureInterface.h; sourceTree = "<group>"; };
		38F6D21B167196A900EB00BE /* NBGestureInterface.m */ = {isa = PBXFileReference; fileEncoding = 4; lastKnownFileType = sourcecode.c.objc; name = NBGestureInterface.m; path = HighLevel/NBGestureInterface.m; sourceTree = "<group>"; };
/* End PBXFileReference section */

/* Begin PBXFrameworksBuildPhase section */
		38B774841664430F0004F620 /* Frameworks */ = {
			isa = PBXFrameworksBuildPhase;
			buildActionMask = 2147483647;
			files = (
				38B775171664684E0004F620 /* CoreLocation.framework in Frameworks */,
				38B774B9166444710004F620 /* CoreMedia.framework in Frameworks */,
				38B774BA166444710004F620 /* CoreVideo.framework in Frameworks */,
				38B774B61664445F0004F620 /* AVFoundation.framework in Frameworks */,
				38B774B4166444580004F620 /* ImageIO.framework in Frameworks */,
				38B774B21664444A0004F620 /* CoreMotion.framework in Frameworks */,
				38B7748C1664430F0004F620 /* UIKit.framework in Frameworks */,
				38B7748E1664430F0004F620 /* Foundation.framework in Frameworks */,
				38B774901664430F0004F620 /* CoreGraphics.framework in Frameworks */,
			);
			runOnlyForDeploymentPostprocessing = 0;
		};
/* End PBXFrameworksBuildPhase section */

/* Begin PBXGroup section */
		382961C11675884200CC5512 /* assets */ = {
			isa = PBXGroup;
			children = (
				38A58A1716780A8200044F0F /* CommsLightMask.png */,
				384CD52A1677EC9400A2A041 /* settingsTab.png */,
				384CD5241677EABB00A2A041 /* deviceSettingsTab.png */,
				382961D0167596A600CC5512 /* icon.png */,
				382961D1167596A600CC5512 /* icon@2x.png */,
				382961C4167589AE00CC5512 /* logo_to_print.png */,
			);
			name = assets;
			sourceTree = "<group>";
		};
		38B7747C1664430F0004F620 = {
			isa = PBXGroup;
			children = (
				38B774911664430F0004F620 /* NBUseApp */,
				38B7748A1664430F0004F620 /* Frameworks */,
				38B774881664430F0004F620 /* Products */,
			);
			sourceTree = "<group>";
		};
		38B774881664430F0004F620 /* Products */ = {
			isa = PBXGroup;
			children = (
				38B774871664430F0004F620 /* NBUseApp.app */,
			);
			name = Products;
			sourceTree = "<group>";
		};
		38B7748A1664430F0004F620 /* Frameworks */ = {
			isa = PBXGroup;
			children = (
				38B7748B1664430F0004F620 /* UIKit.framework */,
				38B7748D1664430F0004F620 /* Foundation.framework */,
				38B7748F1664430F0004F620 /* CoreGraphics.framework */,
				38B774B11664444A0004F620 /* CoreMotion.framework */,
				38B774B3166444580004F620 /* ImageIO.framework */,
				38B774B51664445E0004F620 /* AVFoundation.framework */,
				38B774B7166444710004F620 /* CoreMedia.framework */,
				38B774B8166444710004F620 /* CoreVideo.framework */,
				38B775161664684E0004F620 /* CoreLocation.framework */,
			);
			name = Frameworks;
			sourceTree = "<group>";
		};
		38B774911664430F0004F620 /* NBUseApp */ = {
			isa = PBXGroup;
			children = (
				38B774C0166445440004F620 /* Library */,
				38B7749A1664430F0004F620 /* NBAppDelegate.h */,
				38B7749B1664430F0004F620 /* NBAppDelegate.m */,
				38B774A31664430F0004F620 /* NBViewController.h */,
				38B774A41664430F0004F620 /* NBViewController.m */,
				382961BE16757CBF00CC5512 /* CommsLights.xib */,
				38B774A61664430F0004F620 /* NBViewController_iPhone.xib */,
				38B774A91664430F0004F620 /* NBViewController_iPad.xib */,
				38B774921664430F0004F620 /* Supporting Files */,
			);
			path = NBUseApp;
			sourceTree = "<group>";
		};
		38B774921664430F0004F620 /* Supporting Files */ = {
			isa = PBXGroup;
			children = (
				382961C11675884200CC5512 /* assets */,
				38B774931664430F0004F620 /* NBUseApp-Info.plist */,
				38B774941664430F0004F620 /* InfoPlist.strings */,
				38B774971664430F0004F620 /* main.m */,
				38B774991664430F0004F620 /* NBUseApp-Prefix.pch */,
				38B7749D1664430F0004F620 /* Default.png */,
				38B7749F1664430F0004F620 /* Default@2x.png */,
				38B774A11664430F0004F620 /* Default-568h@2x.png */,
			);
			name = "Supporting Files";
			sourceTree = "<group>";
		};
		38B774C0166445440004F620 /* Library */ = {
			isa = PBXGroup;
			children = (
				38B775211665730F0004F620 /* NBDefinitions.h */,
				38B774DC166445440004F620 /* Initialisation */,
				38B774E7166445440004F620 /* Network */,
				38B774CB166445440004F620 /* Devices */,
				38B774C1166445440004F620 /* DeviceHWInterfaces */,
				38D16DEA16682E52000BD7D8 /* Settings */,
				38B774E5166445440004F620 /* NBNinjaBlock.h */,
				38B774E6166445440004F620 /* NBNinjaBlock.m */,
			);
			path = Library;
			sourceTree = "<group>";
		};
		38B774C1166445440004F620 /* DeviceHWInterfaces */ = {
			isa = PBXGroup;
			children = (
				38F6D219167194BF00EB00BE /* HighLevel */,
				38B774C8166445440004F620 /* NBDeviceHWInterface.h */,
				38B774C9166445440004F620 /* NBDeviceHWInterface.m */,
				38B774CA166445440004F620 /* NBDeviceHWInterfaceSubclass.h */,
				38B774C2166445440004F620 /* NBAccelerometerInterface.h */,
				38B774C3166445440004F620 /* NBAccelerometerInterface.m */,
				38B774C4166445440004F620 /* NBCameraInterface.h */,
				38B774C5166445440004F620 /* NBCameraInterface.m */,
				38B775101664552D0004F620 /* NBLocationInterface.h */,
				38B775111664552D0004F620 /* NBLocationInterface.m */,
				38B7751316645A260004F620 /* NBMotionInterface.h */,
				38B7751416645A260004F620 /* NBMotionInterface.m */,
			);
			path = DeviceHWInterfaces;
			sourceTree = "<group>";
		};
		38B774CB166445440004F620 /* Devices */ = {
			isa = PBXGroup;
			children = (
				38B774CC166445440004F620 /* manager */,
				38B774D7166445440004F620 /* NBDeviceIds.h */,
				38B774D5166445440004F620 /* NBDevice.h */,
				38B774D6166445440004F620 /* NBDevice.m */,
				38B7751F166489B50004F620 /* PollingSensors */,
				38B774D1166445440004F620 /* NBAccelerometerState.h */,
				38B774D2166445440004F620 /* NBAccelerometerState.m */,
				38B774D3166445440004F620 /* NBCamera.h */,
				38B774D4166445440004F620 /* NBCamera.m */,
				38B775221665BA0D0004F620 /* NBLEDDevice.h */,
				38B775231665BA100004F620 /* NBLEDDevice.m */,
				38B774D8166445440004F620 /* NBOrientation.h */,
				38B774D9166445440004F620 /* NBOrientation.m */,
				38B774DA166445440004F620 /* NBPushButton.h */,
				38B774DB166445440004F620 /* NBPushButton.m */,
				38F6D21416717B6500EB00BE /* HighLevel */,
			);
			path = Devices;
			sourceTree = "<group>";
		};
		38B774CC166445440004F620 /* manager */ = {
			isa = PBXGroup;
			children = (
				38B774CD166445440004F620 /* NBCommand.h */,
				38B774CE166445440004F620 /* NBCommand.m */,
				38B774CF166445440004F620 /* NBDeviceManager.h */,
				38B774D0166445440004F620 /* NBDeviceManager.m */,
			);
			path = manager;
			sourceTree = "<group>";
		};
		38B774DC166445440004F620 /* Initialisation */ = {
			isa = PBXGroup;
			children = (
				38B774DD166445440004F620 /* ConnectionConstants.h */,
				38B774DE166445440004F620 /* network */,
				38B774E1166445440004F620 /* viewController */,
			);
			path = Initialisation;
			sourceTree = "<group>";
		};
		38B774DE166445440004F620 /* network */ = {
			isa = PBXGroup;
			children = (
				38B774DF166445440004F620 /* NBNetworkInitialiser.h */,
				38B774E0166445440004F620 /* NBNetworkInitialiser.m */,
			);
			path = network;
			sourceTree = "<group>";
		};
		38B774E1166445440004F620 /* viewController */ = {
			isa = PBXGroup;
			children = (
				38B774E2166445440004F620 /* InitialisationViewController.h */,
				38B774E3166445440004F620 /* InitialisationViewController.m */,
				38B774E4166445440004F620 /* InitialisationViewController.xib */,
			);
			path = viewController;
			sourceTree = "<group>";
		};
		38B774E7166445440004F620 /* Network */ = {
			isa = PBXGroup;
			children = (
				38B774F0166445440004F620 /* NetworkConstants.h */,
				38B774E8166445440004F620 /* NBAuth.h */,
				38B774E9166445440004F620 /* NBAuth.m */,
				38B774EA166445440004F620 /* NBConnectionData.h */,
				38B774EB166445440004F620 /* NBConnectionData.m */,
				38B774EC166445440004F620 /* NBNetworkCommandHandler.h */,
				38B774ED166445440004F620 /* NBNetworkCommandHandler.m */,
				38B774EE166445440004F620 /* NBNetworkHandler.h */,
				38B774EF166445440004F620 /* NBNetworkHandler.m */,
				38B774F1166445440004F620 /* NetworkHelperFunctions.h */,
				38B774F2166445440004F620 /* NetworkHelperFunctions.m */,
			);
			path = Network;
			sourceTree = "<group>";
		};
		38B7751F166489B50004F620 /* PollingSensors */ = {
			isa = PBXGroup;
			children = (
				38B7751C166472890004F620 /* NBPollingSensor.h */,
				38B7751D1664728B0004F620 /* NBPollingSensor.m */,
				38B7751816646F410004F620 /* NBHeading.h */,
				38B7751916646F420004F620 /* NBHeading.m */,
				3840C1691666EE290088AD4A /* NBLocation.h */,
				3840C16A1666EE290088AD4A /* NBLocation.m */,
			);
			name = PollingSensors;
			sourceTree = "<group>";
		};
		38D16DEA16682E52000BD7D8 /* Settings */ = {
			isa = PBXGroup;
			children = (
				38B0C3B7167006A4005CB957 /* NBSettings.h */,
				38B0C3B8167006A4005CB957 /* NBSettings.m */,
				384CD4D91676CF3B00A2A041 /* NBSettingsViewController.h */,
				384CD4DA1676CF3C00A2A041 /* NBSettingsViewController.m */,
				384CD5221676D39E00A2A041 /* NBSettingsViewController.xib */,
				38D16DEB16682EAE000BD7D8 /* NBDeviceSettingsViewController.h */,
				38D16DEC16682EAE000BD7D8 /* NBDeviceSettingsViewController.m */,
				38D16DED16682EAE000BD7D8 /* NBDeviceSettingsViewController.xib */,
				38438A6C1668723F00B7991A /* NBDeviceSettingsTableViewCell.h */,
				38438A6D1668723F00B7991A /* NBDeviceSettingsTableViewCell.m */,
				38438A6A166871AA00B7991A /* NBDeviceSettingsTableViewCell.xib */,
			);
			name = Settings;
			sourceTree = "<group>";
		};
		38F6D21416717B6500EB00BE /* HighLevel */ = {
			isa = PBXGroup;
			children = (
				38F6D21616717BC600EB00BE /* NBGestureDevice.h */,
				38F6D21716717BC700EB00BE /* NBGestureDevice.m */,
			);
			name = HighLevel;
			sourceTree = "<group>";
		};
		38F6D219167194BF00EB00BE /* HighLevel */ = {
			isa = PBXGroup;
			children = (
				38F6D21A167196A900EB00BE /* NBGestureInterface.h */,
				38F6D21B167196A900EB00BE /* NBGestureInterface.m */,
				38A58A1A16782BB500044F0F /* NBVirtualHWInterface.h */,
				38A58A1B16782BB500044F0F /* NBVirtualHWInterface.m */,
			);
			name = HighLevel;
			sourceTree = "<group>";
		};
/* End PBXGroup section */

/* Begin PBXNativeTarget section */
		38B774861664430F0004F620 /* NBUseApp */ = {
			isa = PBXNativeTarget;
			buildConfigurationList = 38B774AE1664430F0004F620 /* Build configuration list for PBXNativeTarget "NBUseApp" */;
			buildPhases = (
				38B774831664430F0004F620 /* Sources */,
				38B774841664430F0004F620 /* Frameworks */,
				38B774851664430F0004F620 /* Resources */,
			);
			buildRules = (
			);
			dependencies = (
			);
			name = NBUseApp;
			productName = NBUseApp;
			productReference = 38B774871664430F0004F620 /* NBUseApp.app */;
			productType = "com.apple.product-type.application";
		};
/* End PBXNativeTarget section */

/* Begin PBXProject section */
		38B7747E1664430F0004F620 /* Project object */ = {
			isa = PBXProject;
			attributes = {
				CLASSPREFIX = NB;
				LastUpgradeCheck = 0450;
				ORGANIZATIONNAME = "James Zaki";
			};
			buildConfigurationList = 38B774811664430F0004F620 /* Build configuration list for PBXProject "NBUseApp" */;
			compatibilityVersion = "Xcode 3.2";
			developmentRegion = English;
			hasScannedForEncodings = 0;
			knownRegions = (
				en,
			);
			mainGroup = 38B7747C1664430F0004F620;
			productRefGroup = 38B774881664430F0004F620 /* Products */;
			projectDirPath = "";
			projectRoot = "";
			targets = (
				38B774861664430F0004F620 /* NBUseApp */,
			);
		};
/* End PBXProject section */

/* Begin PBXResourcesBuildPhase section */
		38B774851664430F0004F620 /* Resources */ = {
			isa = PBXResourcesBuildPhase;
			buildActionMask = 2147483647;
			files = (
				38B774961664430F0004F620 /* InfoPlist.strings in Resources */,
				38B7749E1664430F0004F620 /* Default.png in Resources */,
				38B774A01664430F0004F620 /* Default@2x.png in Resources */,
				38B774A21664430F0004F620 /* Default-568h@2x.png in Resources */,
				38B774A81664430F0004F620 /* NBViewController_iPhone.xib in Resources */,
				38B774AB1664430F0004F620 /* NBViewController_iPad.xib in Resources */,
				38B77500166445440004F620 /* InitialisationViewController.xib in Resources */,
				38D16DEF16682EAE000BD7D8 /* NBDeviceSettingsViewController.xib in Resources */,
				38438A6B166871AA00B7991A /* NBDeviceSettingsTableViewCell.xib in Resources */,
				382961BF16757CBF00CC5512 /* CommsLights.xib in Resources */,
				382961C6167589AE00CC5512 /* logo_to_print.png in Resources */,
				382961D2167596A700CC5512 /* icon.png in Resources */,
				382961D3167596A700CC5512 /* icon@2x.png in Resources */,
				384CD5231676D39F00A2A041 /* NBSettingsViewController.xib in Resources */,
				384CD5251677EABB00A2A041 /* deviceSettingsTab.png in Resources */,
				384CD52B1677EC9400A2A041 /* settingsTab.png in Resources */,
				38A58A1816780A8200044F0F /* CommsLightMask.png in Resources */,
			);
			runOnlyForDeploymentPostprocessing = 0;
		};
/* End PBXResourcesBuildPhase section */

/* Begin PBXSourcesBuildPhase section */
		38B774831664430F0004F620 /* Sources */ = {
			isa = PBXSourcesBuildPhase;
			buildActionMask = 2147483647;
			files = (
				38B774981664430F0004F620 /* main.m in Sources */,
				38B7749C1664430F0004F620 /* NBAppDelegate.m in Sources */,
				38B774A51664430F0004F620 /* NBViewController.m in Sources */,
				38B774F3166445440004F620 /* NBAccelerometerInterface.m in Sources */,
				38B774F4166445440004F620 /* NBCameraInterface.m in Sources */,
				38B774F6166445440004F620 /* NBDeviceHWInterface.m in Sources */,
				38B774F7166445440004F620 /* NBCommand.m in Sources */,
				38B774F8166445440004F620 /* NBDeviceManager.m in Sources */,
				38B774F9166445440004F620 /* NBAccelerometerState.m in Sources */,
				38B774FA166445440004F620 /* NBCamera.m in Sources */,
				38B774FB166445440004F620 /* NBDevice.m in Sources */,
				38B774FC166445440004F620 /* NBOrientation.m in Sources */,
				38B774FD166445440004F620 /* NBPushButton.m in Sources */,
				38B774FE166445440004F620 /* NBNetworkInitialiser.m in Sources */,
				38B774FF166445440004F620 /* InitialisationViewController.m in Sources */,
				38B77501166445440004F620 /* NBNinjaBlock.m in Sources */,
				38B77502166445440004F620 /* NBAuth.m in Sources */,
				38B77503166445440004F620 /* NBConnectionData.m in Sources */,
				38B77504166445440004F620 /* NBNetworkCommandHandler.m in Sources */,
				38B77505166445440004F620 /* NBNetworkHandler.m in Sources */,
				38B77506166445440004F620 /* NetworkHelperFunctions.m in Sources */,
				38B775121664552D0004F620 /* NBLocationInterface.m in Sources */,
				38B7751516645A270004F620 /* NBMotionInterface.m in Sources */,
				38B7751A16646F420004F620 /* NBHeading.m in Sources */,
				38B7751E1664728E0004F620 /* NBPollingSensor.m in Sources */,
				38B775241665BA140004F620 /* NBLEDDevice.m in Sources */,
				3840C16B1666EE290088AD4A /* NBLocation.m in Sources */,
				38D16DEE16682EAE000BD7D8 /* NBDeviceSettingsViewController.m in Sources */,
				38438A6E1668723F00B7991A /* NBDeviceSettingsTableViewCell.m in Sources */,
				38B0C3B9167006A4005CB957 /* NBSettings.m in Sources */,
				38F6D21816717BC700EB00BE /* NBGestureDevice.m in Sources */,
				38F6D21C167196A900EB00BE /* NBGestureInterface.m in Sources */,
				384CD4DB1676CF3C00A2A041 /* NBSettingsViewController.m in Sources */,
				38A58A1C16782BB500044F0F /* NBVirtualHWInterface.m in Sources */,
			);
			runOnlyForDeploymentPostprocessing = 0;
		};
/* End PBXSourcesBuildPhase section */

/* Begin PBXVariantGroup section */
		38B774941664430F0004F620 /* InfoPlist.strings */ = {
			isa = PBXVariantGroup;
			children = (
				38B774951664430F0004F620 /* en */,
			);
			name = InfoPlist.strings;
			sourceTree = "<group>";
		};
		38B774A61664430F0004F620 /* NBViewController_iPhone.xib */ = {
			isa = PBXVariantGroup;
			children = (
				38B774A71664430F0004F620 /* en */,
			);
			name = NBViewController_iPhone.xib;
			sourceTree = "<group>";
		};
		38B774A91664430F0004F620 /* NBViewController_iPad.xib */ = {
			isa = PBXVariantGroup;
			children = (
				38B774AA1664430F0004F620 /* en */,
			);
			name = NBViewController_iPad.xib;
			sourceTree = "<group>";
		};
/* End PBXVariantGroup section */

/* Begin XCBuildConfiguration section */
		38B774AC1664430F0004F620 /* Debug */ = {
			isa = XCBuildConfiguration;
			buildSettings = {
				ALWAYS_SEARCH_USER_PATHS = NO;
				CLANG_CXX_LANGUAGE_STANDARD = "gnu++0x";
				CLANG_CXX_LIBRARY = "libc++";
				CLANG_WARN_EMPTY_BODY = YES;
				CLANG_WARN__DUPLICATE_METHOD_MATCH = YES;
				"CODE_SIGN_IDENTITY[sdk=iphoneos*]" = "iPhone Developer";
				COPY_PHASE_STRIP = NO;
				GCC_C_LANGUAGE_STANDARD = gnu99;
				GCC_DYNAMIC_NO_PIC = NO;
				GCC_OPTIMIZATION_LEVEL = 0;
				GCC_PREPROCESSOR_DEFINITIONS = (
					"DEBUG=1",
					"$(inherited)",
				);
				GCC_SYMBOLS_PRIVATE_EXTERN = NO;
				GCC_WARN_ABOUT_RETURN_TYPE = YES;
				GCC_WARN_UNINITIALIZED_AUTOS = YES;
				GCC_WARN_UNUSED_VARIABLE = YES;
				IPHONEOS_DEPLOYMENT_TARGET = 6.0;
				ONLY_ACTIVE_ARCH = YES;
				SDKROOT = iphoneos;
				TARGETED_DEVICE_FAMILY = "1,2";
			};
			name = Debug;
		};
		38B774AD1664430F0004F620 /* Release */ = {
			isa = XCBuildConfiguration;
			buildSettings = {
				ALWAYS_SEARCH_USER_PATHS = NO;
				CLANG_CXX_LANGUAGE_STANDARD = "gnu++0x";
				CLANG_CXX_LIBRARY = "libc++";
				CLANG_WARN_EMPTY_BODY = YES;
				CLANG_WARN__DUPLICATE_METHOD_MATCH = YES;
				"CODE_SIGN_IDENTITY[sdk=iphoneos*]" = "iPhone Developer";
				COPY_PHASE_STRIP = YES;
				GCC_C_LANGUAGE_STANDARD = gnu99;
				GCC_WARN_ABOUT_RETURN_TYPE = YES;
				GCC_WARN_UNINITIALIZED_AUTOS = YES;
				GCC_WARN_UNUSED_VARIABLE = YES;
				IPHONEOS_DEPLOYMENT_TARGET = 6.0;
				OTHER_CFLAGS = "-DNS_BLOCK_ASSERTIONS=1";
				SDKROOT = iphoneos;
				TARGETED_DEVICE_FAMILY = "1,2";
				VALIDATE_PRODUCT = YES;
			};
			name = Release;
		};
		38B774AF1664430F0004F620 /* Debug */ = {
			isa = XCBuildConfiguration;
			buildSettings = {
				CODE_SIGN_IDENTITY = "iPhone Developer: James Zaki (X7HK6WBZWD)";
				GCC_PRECOMPILE_PREFIX_HEADER = YES;
				GCC_PREFIX_HEADER = "NBUseApp/NBUseApp-Prefix.pch";
				INFOPLIST_FILE = "NBUseApp/NBUseApp-Info.plist";
				IPHONEOS_DEPLOYMENT_TARGET = 5.0;
				PRODUCT_NAME = "$(TARGET_NAME)";
				PROVISIONING_PROFILE = "C7CB78D9-8E07-4ABE-83D1-39B270757BE2";
				WRAPPER_EXTENSION = app;
			};
			name = Debug;
		};
		38B774B01664430F0004F620 /* Release */ = {
			isa = XCBuildConfiguration;
			buildSettings = {
				CODE_SIGN_IDENTITY = "iPhone Developer: James Zaki (X7HK6WBZWD)";
				GCC_PRECOMPILE_PREFIX_HEADER = YES;
				GCC_PREFIX_HEADER = "NBUseApp/NBUseApp-Prefix.pch";
				INFOPLIST_FILE = "NBUseApp/NBUseApp-Info.plist";
				IPHONEOS_DEPLOYMENT_TARGET = 5.0;
				PRODUCT_NAME = "$(TARGET_NAME)";
				PROVISIONING_PROFILE = "C7CB78D9-8E07-4ABE-83D1-39B270757BE2";
				WRAPPER_EXTENSION = app;
			};
			name = Release;
		};
/* End XCBuildConfiguration section */

/* Begin XCConfigurationList section */
		38B774811664430F0004F620 /* Build configuration list for PBXProject "NBUseApp" */ = {
			isa = XCConfigurationList;
			buildConfigurations = (
				38B774AC1664430F0004F620 /* Debug */,
				38B774AD1664430F0004F620 /* Release */,
			);
			defaultConfigurationIsVisible = 0;
			defaultConfigurationName = Release;
		};
		38B774AE1664430F0004F620 /* Build configuration list for PBXNativeTarget "NBUseApp" */ = {
			isa = XCConfigurationList;
			buildConfigurations = (
				38B774AF1664430F0004F620 /* Debug */,
				38B774B01664430F0004F620 /* Release */,
			);
			defaultConfigurationIsVisible = 0;
			defaultConfigurationName = Release;
		};
/* End XCConfigurationList section */
	};
	rootObject = 38B7747E1664430F0004F620 /* Project object */;
}
